
Microsoft Visual Studio Solution File, Format Version 12.00
# Visual Studio Version 16
VisualStudioVersion = 16.0.29215.179
MinimumVisualStudioVersion = 10.0.40219.1
Project("{8BC9CEB8-8B4A-11D0-8D11-00A0C91BC942}") = "Lab007", "Lab007.vcxproj", "{62015B73-D7CB-440C-8385-49C3C081135E}"
EndProject
Global
	GlobalSection(SolutionConfigurationPlatforms) = preSolution
		Debug|x64 = Debug|x64
		Debug|x86 = Debug|x86
		Release|x64 = Release|x64
		Release|x86 = Release|x86
	EndGlobalSection
	GlobalSection(ProjectConfigurationPlatforms) = postSolution
		{62015B73-D7CB-440C-8385-49C3C081135E}.Debug|x64.ActiveCfg = Debug|x64
		{62015B73-D7CB-440C-8385-49C3C081135E}.Debug|x64.Build.0 = Debug|x64
		{62015B73-D7CB-440C-8385-49C3C081135E}.Debug|x86.ActiveCfg = Debug|Win32
		{62015B73-D7CB-440C-8385-49C3C081135E}.Debug|x86.Build.0 = Debug|Win32
		{62015B73-D7CB-440C-8385-49C3C081135E}.Release|x64.ActiveCfg = Release|x64
		{62015B73-D7CB-440C-8385-49C3C081135E}.Release|x64.Build.0 = Release|x64
		{62015B73-D7CB-440C-8385-49C3C081135E}.Release|x86.ActiveCfg = Release|Win32
		{62015B73-D7CB-440C-8385-49C3C081135E}.Release|x86.Build.0 = Release|Win32
	EndGlobalSection
	GlobalSection(SolutionProperties) = preSolution
		HideSolutionNode = FALSE
	EndGlobalSection
	GlobalSection(ExtensibilityGlobals) = postSolution
		SolutionGuid = {ECD1FFEC-6F63-4E3C-A015-2F48EEA6C3D0}
	EndGlobalSection
EndGlobal
